
Microsoft Visual Studio Solution File, Format Version 12.00
# Visual Studio 2012
Project("{8BC9CEB8-8B4A-11D0-8D11-00A0C91BC942}") = "BoostServer", "BoostServer\BoostServer.vcxproj", "{1C5B029B-A9EF-41E1-8139-A0B66E9E38CE}"
EndProject
Global
	GlobalSection(SolutionConfigurationPlatforms) = preSolution
		Debug|Win32 = Debug|Win32
		Release|Win32 = Release|Win32
	EndGlobalSection
	GlobalSection(ProjectConfigurationPlatforms) = postSolution
		{1C5B029B-A9EF-41E1-8139-A0B66E9E38CE}.Debug|Win32.ActiveCfg = Debug|Win32
		{1C5B029B-A9EF-41E1-8139-A0B66E9E38CE}.Debug|Win32.Build.0 = Debug|Win32
		{1C5B029B-A9EF-41E1-8139-A0B66E9E38CE}.Release|Win32.ActiveCfg = Release|Win32
		{1C5B029B-A9EF-41E1-8139-A0B66E9E38CE}.Release|Win32.Build.0 = Release|Win32
	EndGlobalSection
	GlobalSection(SolutionProperties) = preSolution
		HideSolutionNode = FALSE
	EndGlobalSection
EndGlobal
