<?xml version="1.0" encoding="utf-8"?>
<Project ToolsVersion="4.0" xmlns="http://schemas.microsoft.com/developer/msbuild/2003">
  <ItemGroup>
    <Filter Include="NetModel">
      <UniqueIdentifier>{4FC737F1-C7A5-4376-A066-2A32D752A2FF}</UniqueIdentifier>
      <Extensions>cpp;c;cc;cxx;def;odl;idl;hpj;bat;asm;asmx</Extensions>
    </Filter>
    <Filter Include="Logic">
      <UniqueIdentifier>{f56cbe08-e85e-4c20-a29b-d75965002551}</UniqueIdentifier>
    </Filter>
  </ItemGroup>
  <ItemGroup>
    <Text Include="ReadMe.txt" />
  </ItemGroup>
  <ItemGroup>
    <ClInclude Include="MsgHandler.h">
      <Filter>Logic</Filter>
    </ClInclude>
    <ClInclude Include="Singleton.h">
      <Filter>Logic</Filter>
    </ClInclude>
    <ClInclude Include="NetModel\StreamNode.h">
      <Filter>NetModel</Filter>
    </ClInclude>
    <ClInclude Include="NetModel\Server.h">
      <Filter>NetModel</Filter>
    </ClInclude>
    <ClInclude Include="NetModel\Session.h">
      <Filter>NetModel</Filter>
    </ClInclude>
  </ItemGroup>
  <ItemGroup>
    <ClCompile Include="main.cpp">
      <Filter>Logic</Filter>
    </ClCompile>
    <ClCompile Include="NetModel\Server.cpp">
      <Filter>NetModel</Filter>
    </ClCompile>
    <ClCompile Include="NetModel\Session.cpp">
      <Filter>NetModel</Filter>
    </ClCompile>
    <ClCompile Include="NetModel\StreamNode.cpp">
      <Filter>NetModel</Filter>
    </ClCompile>
  </ItemGroup>
</Project>